
Microsoft Visual Studio Solution File, Format Version 12.00
# Visual Studio Version 17
VisualStudioVersion = 17.8.34330.188
MinimumVisualStudioVersion = 10.0.40219.1
Project("{888888A0-9F3D-457C-B088-3A5042F75D52}") = "IzbuExcel", "IzbuExcel\IzbuExcel.pyproj", "{8B10EF04-084E-427F-A04D-F5AC41416645}"
EndProject
Global
	GlobalSection(SolutionConfigurationPlatforms) = preSolution
		Debug|Any CPU = Debug|Any CPU
		Release|Any CPU = Release|Any CPU
	EndGlobalSection
	GlobalSection(ProjectConfigurationPlatforms) = postSolution
		{8B10EF04-084E-427F-A04D-F5AC41416645}.Debug|Any CPU.ActiveCfg = Debug|Any CPU
		{8B10EF04-084E-427F-A04D-F5AC41416645}.Debug|Any CPU.Build.0 = Debug|Any CPU
		{8B10EF04-084E-427F-A04D-F5AC41416645}.Release|Any CPU.ActiveCfg = Release|Any CPU
		{8B10EF04-084E-427F-A04D-F5AC41416645}.Release|Any CPU.Build.0 = Release|Any CPU
	EndGlobalSection
	GlobalSection(SolutionProperties) = preSolution
		HideSolutionNode = FALSE
	EndGlobalSection
	GlobalSection(ExtensibilityGlobals) = postSolution
		SolutionGuid = {53134202-C4C9-48E7-B215-B98E3BC0FB19}
	EndGlobalSection
EndGlobal
